
Microsoft Visual Studio Solution File, Format Version 12.00
# Visual Studio Version 16
VisualStudioVersion = 16.0.30320.27
MinimumVisualStudioVersion = 10.0.40219.1
Project("{FAE04EC0-301F-11D3-BF4B-00C04F79EFBC}") = "ConnectingBlazorMariadb", "ConnectingBlazorMariadb\ConnectingBlazorMariadb.csproj", "{2E4731A0-B95D-4C67-BB2D-4D421F52AA25}"
EndProject
Project("{FAE04EC0-301F-11D3-BF4B-00C04F79EFBC}") = "DataLibrary", "DataLibrary\DataLibrary.csproj", "{46A244BE-6072-4519-B4A5-6B90BAC13B3B}"
EndProject
Global
	GlobalSection(SolutionConfigurationPlatforms) = preSolution
		Debug|Any CPU = Debug|Any CPU
		Release|Any CPU = Release|Any CPU
	EndGlobalSection
	GlobalSection(ProjectConfigurationPlatforms) = postSolution
		{2E4731A0-B95D-4C67-BB2D-4D421F52AA25}.Debug|Any CPU.ActiveCfg = Debug|Any CPU
		{2E4731A0-B95D-4C67-BB2D-4D421F52AA25}.Debug|Any CPU.Build.0 = Debug|Any CPU
		{2E4731A0-B95D-4C67-BB2D-4D421F52AA25}.Release|Any CPU.ActiveCfg = Release|Any CPU
		{2E4731A0-B95D-4C67-BB2D-4D421F52AA25}.Release|Any CPU.Build.0 = Release|Any CPU
		{46A244BE-6072-4519-B4A5-6B90BAC13B3B}.Debug|Any CPU.ActiveCfg = Debug|Any CPU
		{46A244BE-6072-4519-B4A5-6B90BAC13B3B}.Debug|Any CPU.Build.0 = Debug|Any CPU
		{46A244BE-6072-4519-B4A5-6B90BAC13B3B}.Release|Any CPU.ActiveCfg = Release|Any CPU
		{46A244BE-6072-4519-B4A5-6B90BAC13B3B}.Release|Any CPU.Build.0 = Release|Any CPU
	EndGlobalSection
	GlobalSection(SolutionProperties) = preSolution
		HideSolutionNode = FALSE
	EndGlobalSection
	GlobalSection(ExtensibilityGlobals) = postSolution
		SolutionGuid = {586492D8-AEF9-4EC9-9679-0A4E09DEC5A9}
	EndGlobalSection
EndGlobal
