
Microsoft Visual Studio Solution File, Format Version 12.00
# Visual Studio Version 16
VisualStudioVersion = 16.0.30309.148
MinimumVisualStudioVersion = 10.0.40219.1
Project("{FAE04EC0-301F-11D3-BF4B-00C04F79EFBC}") = "AntCommunityBlazorApp.Server", "AntCommunityBlazorApp\Server\AntCommunityBlazorApp.Server.csproj", "{7DA99F2F-F633-40CA-95A5-CA5A863A8C3F}"
EndProject
Project("{FAE04EC0-301F-11D3-BF4B-00C04F79EFBC}") = "AntCommunityBlazorApp.Client", "AntCommunityBlazorApp\Client\AntCommunityBlazorApp.Client.csproj", "{2700F163-E86F-4A1C-B66E-F8EA02DF13E4}"
EndProject
Project("{FAE04EC0-301F-11D3-BF4B-00C04F79EFBC}") = "AntCommunityBlazorApp.Shared", "AntCommunityBlazorApp\Shared\AntCommunityBlazorApp.Shared.csproj", "{A3111643-F3D0-4BBF-BA89-F117D63CA86C}"
EndProject
Global
	GlobalSection(SolutionConfigurationPlatforms) = preSolution
		Debug|Any CPU = Debug|Any CPU
		Release|Any CPU = Release|Any CPU
	EndGlobalSection
	GlobalSection(ProjectConfigurationPlatforms) = postSolution
		{7DA99F2F-F633-40CA-95A5-CA5A863A8C3F}.Debug|Any CPU.ActiveCfg = Debug|Any CPU
		{7DA99F2F-F633-40CA-95A5-CA5A863A8C3F}.Debug|Any CPU.Build.0 = Debug|Any CPU
		{7DA99F2F-F633-40CA-95A5-CA5A863A8C3F}.Release|Any CPU.ActiveCfg = Release|Any CPU
		{7DA99F2F-F633-40CA-95A5-CA5A863A8C3F}.Release|Any CPU.Build.0 = Release|Any CPU
		{2700F163-E86F-4A1C-B66E-F8EA02DF13E4}.Debug|Any CPU.ActiveCfg = Debug|Any CPU
		{2700F163-E86F-4A1C-B66E-F8EA02DF13E4}.Debug|Any CPU.Build.0 = Debug|Any CPU
		{2700F163-E86F-4A1C-B66E-F8EA02DF13E4}.Release|Any CPU.ActiveCfg = Release|Any CPU
		{2700F163-E86F-4A1C-B66E-F8EA02DF13E4}.Release|Any CPU.Build.0 = Release|Any CPU
		{A3111643-F3D0-4BBF-BA89-F117D63CA86C}.Debug|Any CPU.ActiveCfg = Debug|Any CPU
		{A3111643-F3D0-4BBF-BA89-F117D63CA86C}.Debug|Any CPU.Build.0 = Debug|Any CPU
		{A3111643-F3D0-4BBF-BA89-F117D63CA86C}.Release|Any CPU.ActiveCfg = Release|Any CPU
		{A3111643-F3D0-4BBF-BA89-F117D63CA86C}.Release|Any CPU.Build.0 = Release|Any CPU
	EndGlobalSection
	GlobalSection(SolutionProperties) = preSolution
		HideSolutionNode = FALSE
	EndGlobalSection
	GlobalSection(ExtensibilityGlobals) = postSolution
		SolutionGuid = {49885494-8CF1-4AFD-8D5B-9080C19F90E9}
	EndGlobalSection
EndGlobal
