
Microsoft Visual Studio Solution File, Format Version 12.00
# Visual Studio Version 16
VisualStudioVersion = 16.0.29806.167
MinimumVisualStudioVersion = 10.0.40219.1
Project("{FAE04EC0-301F-11D3-BF4B-00C04F79EFBC}") = "WpfApp1", "WpfApp1\WpfApp1.csproj", "{3028BB6C-6CF8-4B59-8D8B-C781E994555D}"
EndProject
Global
	GlobalSection(SolutionConfigurationPlatforms) = preSolution
		Debug|Any CPU = Debug|Any CPU
		Release|Any CPU = Release|Any CPU
	EndGlobalSection
	GlobalSection(ProjectConfigurationPlatforms) = postSolution
		{3028BB6C-6CF8-4B59-8D8B-C781E994555D}.Debug|Any CPU.ActiveCfg = Debug|Any CPU
		{3028BB6C-6CF8-4B59-8D8B-C781E994555D}.Debug|Any CPU.Build.0 = Debug|Any CPU
		{3028BB6C-6CF8-4B59-8D8B-C781E994555D}.Release|Any CPU.ActiveCfg = Release|Any CPU
		{3028BB6C-6CF8-4B59-8D8B-C781E994555D}.Release|Any CPU.Build.0 = Release|Any CPU
	EndGlobalSection
	GlobalSection(SolutionProperties) = preSolution
		HideSolutionNode = FALSE
	EndGlobalSection
	GlobalSection(ExtensibilityGlobals) = postSolution
		SolutionGuid = {270299A4-9FF5-4D34-9BB9-03E724046EEF}
	EndGlobalSection
EndGlobal
