
Microsoft Visual Studio Solution File, Format Version 12.00
# Visual Studio Version 16
VisualStudioVersion = 16.0.30320.27
MinimumVisualStudioVersion = 10.0.40219.1
Project("{9A19103F-16F7-4668-BE54-9A1E7A4F7556}") = "CommunitySample", "BlazorApp3\CommunitySample.csproj", "{027DD059-B261-4E6C-AAC1-8B5B52EBB558}"
EndProject
Project("{9A19103F-16F7-4668-BE54-9A1E7A4F7556}") = "DataAccessLibrary", "DataAccessLibrary\DataAccessLibrary.csproj", "{69F54836-036D-418E-945B-3F381DDC6603}"
EndProject
Global
	GlobalSection(SolutionConfigurationPlatforms) = preSolution
		Debug|Any CPU = Debug|Any CPU
		Release|Any CPU = Release|Any CPU
	EndGlobalSection
	GlobalSection(ProjectConfigurationPlatforms) = postSolution
		{027DD059-B261-4E6C-AAC1-8B5B52EBB558}.Debug|Any CPU.ActiveCfg = Debug|Any CPU
		{027DD059-B261-4E6C-AAC1-8B5B52EBB558}.Debug|Any CPU.Build.0 = Debug|Any CPU
		{027DD059-B261-4E6C-AAC1-8B5B52EBB558}.Release|Any CPU.ActiveCfg = Release|Any CPU
		{027DD059-B261-4E6C-AAC1-8B5B52EBB558}.Release|Any CPU.Build.0 = Release|Any CPU
		{69F54836-036D-418E-945B-3F381DDC6603}.Debug|Any CPU.ActiveCfg = Debug|Any CPU
		{69F54836-036D-418E-945B-3F381DDC6603}.Debug|Any CPU.Build.0 = Debug|Any CPU
		{69F54836-036D-418E-945B-3F381DDC6603}.Release|Any CPU.ActiveCfg = Release|Any CPU
		{69F54836-036D-418E-945B-3F381DDC6603}.Release|Any CPU.Build.0 = Release|Any CPU
	EndGlobalSection
	GlobalSection(SolutionProperties) = preSolution
		HideSolutionNode = FALSE
	EndGlobalSection
	GlobalSection(ExtensibilityGlobals) = postSolution
		SolutionGuid = {7F543067-F4C5-4137-974E-1B217D3C2252}
	EndGlobalSection
EndGlobal
