
Microsoft Visual Studio Solution File, Format Version 12.00
# Visual Studio 15
VisualStudioVersion = 15.0.28307.1022
MinimumVisualStudioVersion = 10.0.40219.1
Project("{FAE04EC0-301F-11D3-BF4B-00C04F79EFBC}") = "ImageController", "ImageController\ImageController.csproj", "{CE478E80-ABF5-4DFC-929B-DC307B61034C}"
EndProject
Global
	GlobalSection(SolutionConfigurationPlatforms) = preSolution
		Debug|Any CPU = Debug|Any CPU
		Release|Any CPU = Release|Any CPU
	EndGlobalSection
	GlobalSection(ProjectConfigurationPlatforms) = postSolution
		{CE478E80-ABF5-4DFC-929B-DC307B61034C}.Debug|Any CPU.ActiveCfg = Debug|Any CPU
		{CE478E80-ABF5-4DFC-929B-DC307B61034C}.Debug|Any CPU.Build.0 = Debug|Any CPU
		{CE478E80-ABF5-4DFC-929B-DC307B61034C}.Release|Any CPU.ActiveCfg = Release|Any CPU
		{CE478E80-ABF5-4DFC-929B-DC307B61034C}.Release|Any CPU.Build.0 = Release|Any CPU
	EndGlobalSection
	GlobalSection(SolutionProperties) = preSolution
		HideSolutionNode = FALSE
	EndGlobalSection
	GlobalSection(ExtensibilityGlobals) = postSolution
		SolutionGuid = {57BB8A98-D27B-45B6-94B8-13C71D9A3E26}
	EndGlobalSection
EndGlobal
